lockfileVersion: '9.0'

settings:
  autoInstallPeers: true
  excludeLinksFromLockfile: false

importers:

  .:
    dependencies:
      stopword:
        specifier: ^3.1.4
        version: 3.1.4
    devDependencies:
      '@types/node':
        specifier: ^22.13.10
        version: 22.13.10
      '@types/stopword':
        specifier: ^2.0.3
        version: 2.0.3

packages:

  '@types/node@22.13.10':
    resolution: {integrity: sha512-I6LPUvlRH+O6VRUqYOcMudhaIdUVWfsjnZavnsraHvpBwaEyMN29ry+0UVJhImYL16xsscu0aske3yA+uPOWfw==}

  '@types/stopword@2.0.3':
    resolution: {integrity: sha512-hioMj0lOvISM+EDevf7ijG8EMbU+J3pj4SstCyfQC1t39uPYpAe7beSfBdU6c1d9jeECTQQtR3UJWtVoUO8Weg==}

  stopword@3.1.4:
    resolution: {integrity: sha512-RiyU12FwHWX1i42gxhn5sywgpV5mptZTzbHKqKh5wVDWC2Uu+8vKbLv8xxeNa0p29vECbYGLXpDayo54n9+dsg==}

  undici-types@6.20.0:
    resolution: {integrity: sha512-Ny6QZ2Nju20vw1SRHe3d9jVu6gJ+4e3+MMpqu7pqE5HT6WsTSlce++GQmK5UXS8mzV8DSYHrQH+Xrf2jVcuKNg==}

snapshots:

  '@types/node@22.13.10':
    dependencies:
      undici-types: 6.20.0

  '@types/stopword@2.0.3': {}

  stopword@3.1.4: {}

  undici-types@6.20.0: {}
